// !$*UTF8*$!
{
	archiveVersion = 1;
	classes = {
	};
	objectVersion = 55;
	objects = {

/* Begin PBXBuildFile section */
		6E0650B82764F21900EB364D /* AppDelegate.swift in Sources */ = {isa = PBXBuildFile; fileRef = 6E0650B72764F21900EB364D /* AppDelegate.swift */; };
		6E0650C12764F21D00EB364D /* Assets.xcassets in Resources */ = {isa = PBXBuildFile; fileRef = 6E0650C02764F21D00EB364D /* Assets.xcassets */; };
		6E0650C42764F21D00EB364D /* LaunchScreen.storyboard in Resources */ = {isa = PBXBuildFile; fileRef = 6E0650C22764F21D00EB364D /* LaunchScreen.storyboard */; };
		6E0650D92764F21D00EB364D /* SoSolveUITests.swift in Sources */ = {isa = PBXBuildFile; fileRef = 6E0650D82764F21D00EB364D /* SoSolveUITests.swift */; };
		6E0650DB2764F21D00EB364D /* SoSolveUITestsLaunchTests.swift in Sources */ = {isa = PBXBuildFile; fileRef = 6E0650DA2764F21D00EB364D /* SoSolveUITestsLaunchTests.swift */; };
		6E0650E82764F43D00EB364D /* FlowRouter.swift in Sources */ = {isa = PBXBuildFile; fileRef = 6E0650E72764F43D00EB364D /* FlowRouter.swift */; };
		6E0650EC2764F52700EB364D /* Swinject in Frameworks */ = {isa = PBXBuildFile; productRef = 6E0650EB2764F52700EB364D /* Swinject */; };
		6E0650F02764F53500EB364D /* DependenciesAssembler.swift in Sources */ = {isa = PBXBuildFile; fileRef = 6E0650EF2764F53500EB364D /* DependenciesAssembler.swift */; };
		6E0650F52764F5AD00EB364D /* DefaultAssembly.swift in Sources */ = {isa = PBXBuildFile; fileRef = 6E0650F42764F5AD00EB364D /* DefaultAssembly.swift */; };
		6E0650F82764F5EA00EB364D /* GalleryFetcherService.swift in Sources */ = {isa = PBXBuildFile; fileRef = 6E0650F72764F5EA00EB364D /* GalleryFetcherService.swift */; };
		6E0650FA2764F5F900EB364D /* GallerySDK.swift in Sources */ = {isa = PBXBuildFile; fileRef = 6E0650F92764F5F900EB364D /* GallerySDK.swift */; };
		6E0650FE2764FAD300EB364D /* ListViewController.swift in Sources */ = {isa = PBXBuildFile; fileRef = 6E0650FD2764FAD300EB364D /* ListViewController.swift */; };
		6E0651002764FADC00EB364D /* ListView.swift in Sources */ = {isa = PBXBuildFile; fileRef = 6E0650FF2764FADC00EB364D /* ListView.swift */; };
		6E0651022764FAE500EB364D /* ListViewModel.swift in Sources */ = {isa = PBXBuildFile; fileRef = 6E0651012764FAE500EB364D /* ListViewModel.swift */; };
		6E0651052764FBA800EB364D /* UIView+install.swift in Sources */ = {isa = PBXBuildFile; fileRef = 6E0651042764FBA800EB364D /* UIView+install.swift */; };
		6E0651072764FBFD00EB364D /* ExtensionCompatible.swift in Sources */ = {isa = PBXBuildFile; fileRef = 6E0651062764FBFD00EB364D /* ExtensionCompatible.swift */; };
		6E0651DC27654F5400EB364D /* SceneDelegate.swift in Sources */ = {isa = PBXBuildFile; fileRef = 6E0651DB27654F5400EB364D /* SceneDelegate.swift */; };
		6E4CFE8F2767AD5D00A02742 /* ConcreteGalleryPersistenceServiceUnitTests.swift in Sources */ = {isa = PBXBuildFile; fileRef = 6E4CFE8E2767AD5D00A02742 /* ConcreteGalleryPersistenceServiceUnitTests.swift */; };
		6E4CFE912767B42F00A02742 /* ListViewModelUnitTests.swift in Sources */ = {isa = PBXBuildFile; fileRef = 6E4CFE902767B42F00A02742 /* ListViewModelUnitTests.swift */; };
		6E4CFE932767B45900A02742 /* MockedGalleryFetcherService.swift in Sources */ = {isa = PBXBuildFile; fileRef = 6E4CFE922767B45900A02742 /* MockedGalleryFetcherService.swift */; };
		6E4CFE952767B74800A02742 /* MockedNavigationService.swift in Sources */ = {isa = PBXBuildFile; fileRef = 6E4CFE942767B74800A02742 /* MockedNavigationService.swift */; };
		6E4CFE972767B79A00A02742 /* MockedGalleryPersistenceService.swift in Sources */ = {isa = PBXBuildFile; fileRef = 6E4CFE962767B79A00A02742 /* MockedGalleryPersistenceService.swift */; };
		6E4CFE992767BCDF00A02742 /* GalleryTestData.swift in Sources */ = {isa = PBXBuildFile; fileRef = 6E4CFE982767BCDF00A02742 /* GalleryTestData.swift */; };
		6E8D91F42765CDC400F7FFD0 /* GalleryListCollectionViewCell.swift in Sources */ = {isa = PBXBuildFile; fileRef = 6E8D91F32765CDC400F7FFD0 /* GalleryListCollectionViewCell.swift */; };
		6E8D91F62765CF6C00F7FFD0 /* ListViewControllerFactory.swift in Sources */ = {isa = PBXBuildFile; fileRef = 6E8D91F52765CF6C00F7FFD0 /* ListViewControllerFactory.swift */; };
		6E8D91F82765D24F00F7FFD0 /* GalleryItem.swift in Sources */ = {isa = PBXBuildFile; fileRef = 6E8D91F72765D24F00F7FFD0 /* GalleryItem.swift */; };
		6E8D91FB2765E70200F7FFD0 /* Kingfisher in Frameworks */ = {isa = PBXBuildFile; productRef = 6E8D91FA2765E70200F7FFD0 /* Kingfisher */; };
		6E8D91FE2765F24E00F7FFD0 /* NavigationService.swift in Sources */ = {isa = PBXBuildFile; fileRef = 6E8D91FD2765F24E00F7FFD0 /* NavigationService.swift */; };
		6E8D920427663B2F00F7FFD0 /* GalleryDetailsViewController.swift in Sources */ = {isa = PBXBuildFile; fileRef = 6E8D920027663B2F00F7FFD0 /* GalleryDetailsViewController.swift */; };
		6E8D920527663B2F00F7FFD0 /* GalleryDetailsView.swift in Sources */ = {isa = PBXBuildFile; fileRef = 6E8D920127663B2F00F7FFD0 /* GalleryDetailsView.swift */; };
		6E8D920627663B2F00F7FFD0 /* GalleryDetailsViewControllerFactory.swift in Sources */ = {isa = PBXBuildFile; fileRef = 6E8D920227663B2F00F7FFD0 /* GalleryDetailsViewControllerFactory.swift */; };
		6E8D920727663B2F00F7FFD0 /* GalleryDetailsViewModel.swift in Sources */ = {isa = PBXBuildFile; fileRef = 6E8D920327663B2F00F7FFD0 /* GalleryDetailsViewModel.swift */; };
		6E8D920C27664DF500F7FFD0 /* SimpleTimer.swift in Sources */ = {isa = PBXBuildFile; fileRef = 6E8D920B27664DF500F7FFD0 /* SimpleTimer.swift */; };
		6E8D920F2766528800F7FFD0 /* GalleryPersistenceService.swift in Sources */ = {isa = PBXBuildFile; fileRef = 6E8D920E2766528800F7FFD0 /* GalleryPersistenceService.swift */; };
/* End PBXBuildFile section */

/* Begin PBXContainerItemProxy section */
		6E0650CB2764F21D00EB364D /* PBXContainerItemProxy */ = {
			isa = PBXContainerItemProxy;
			containerPortal = 6E0650AC2764F21900EB364D /* Project object */;
			proxyType = 1;
			remoteGlobalIDString = 6E0650B32764F21900EB364D;
			remoteInfo = SoSolve;
		};
		6E0650D52764F21D00EB364D /* PBXContainerItemProxy */ = {
			isa = PBXContainerItemProxy;
			containerPortal = 6E0650AC2764F21900EB364D /* Project object */;
			proxyType = 1;
			remoteGlobalIDString = 6E0650B32764F21900EB364D;
			remoteInfo = SoSolve;
		};
/* End PBXContainerItemProxy section */

/* Begin PBXFileReference section */
		6E0650B42764F21900EB364D /* SoSolve.app */ = {isa = PBXFileReference; explicitFileType = wrapper.application; includeInIndex = 0; path = SoSolve.app; sourceTree = BUILT_PRODUCTS_DIR; };
		6E0650B72764F21900EB364D /* AppDelegate.swift */ = {isa = PBXFileReference; lastKnownFileType = sourcecode.swift; path = AppDelegate.swift; sourceTree = "<group>"; };
		6E0650C02764F21D00EB364D /* Assets.xcassets */ = {isa = PBXFileReference; lastKnownFileType = folder.assetcatalog; path = Assets.xcassets; sourceTree = "<group>"; };
		6E0650C32764F21D00EB364D /* Base */ = {isa = PBXFileReference; lastKnownFileType = file.storyboard; name = Base; path = Base.lproj/LaunchScreen.storyboard; sourceTree = "<group>"; };
		6E0650C52764F21D00EB364D /* Info.plist */ = {isa = PBXFileReference; lastKnownFileType = text.plist.xml; path = Info.plist; sourceTree = "<group>"; };
		6E0650CA2764F21D00EB364D /* SoSolveTests.xctest */ = {isa = PBXFileReference; explicitFileType = wrapper.cfbundle; includeInIndex = 0; path = SoSolveTests.xctest; sourceTree = BUILT_PRODUCTS_DIR; };
		6E0650D42764F21D00EB364D /* SoSolveUITests.xctest */ = {isa = PBXFileReference; explicitFileType = wrapper.cfbundle; includeInIndex = 0; path = SoSolveUITests.xctest; sourceTree = BUILT_PRODUCTS_DIR; };
		6E0650D82764F21D00EB364D /* SoSolveUITests.swift */ = {isa = PBXFileReference; lastKnownFileType = sourcecode.swift; path = SoSolveUITests.swift; sourceTree = "<group>"; };
		6E0650DA2764F21D00EB364D /* SoSolveUITestsLaunchTests.swift */ = {isa = PBXFileReference; lastKnownFileType = sourcecode.swift; path = SoSolveUITestsLaunchTests.swift; sourceTree = "<group>"; };
		6E0650E72764F43D00EB364D /* FlowRouter.swift */ = {isa = PBXFileReference; lastKnownFileType = sourcecode.swift; path = FlowRouter.swift; sourceTree = "<group>"; };
		6E0650EF2764F53500EB364D /* DependenciesAssembler.swift */ = {isa = PBXFileReference; lastKnownFileType = sourcecode.swift; path = DependenciesAssembler.swift; sourceTree = "<group>"; };
		6E0650F42764F5AD00EB364D /* DefaultAssembly.swift */ = {isa = PBXFileReference; lastKnownFileType = sourcecode.swift; path = DefaultAssembly.swift; sourceTree = "<group>"; };
		6E0650F72764F5EA00EB364D /* GalleryFetcherService.swift */ = {isa = PBXFileReference; lastKnownFileType = sourcecode.swift; path = GalleryFetcherService.swift; sourceTree = "<group>"; };
		6E0650F92764F5F900EB364D /* GallerySDK.swift */ = {isa = PBXFileReference; fileEncoding = 4; lastKnownFileType = sourcecode.swift; path = GallerySDK.swift; sourceTree = "<group>"; };
		6E0650FD2764FAD300EB364D /* ListViewController.swift */ = {isa = PBXFileReference; lastKnownFileType = sourcecode.swift; path = ListViewController.swift; sourceTree = "<group>"; };
		6E0650FF2764FADC00EB364D /* ListView.swift */ = {isa = PBXFileReference; lastKnownFileType = sourcecode.swift; path = ListView.swift; sourceTree = "<group>"; };
		6E0651012764FAE500EB364D /* ListViewModel.swift */ = {isa = PBXFileReference; lastKnownFileType = sourcecode.swift; path = ListViewModel.swift; sourceTree = "<group>"; };
		6E0651042764FBA800EB364D /* UIView+install.swift */ = {isa = PBXFileReference; lastKnownFileType = sourcecode.swift; path = "UIView+install.swift"; sourceTree = "<group>"; };
		6E0651062764FBFD00EB364D /* ExtensionCompatible.swift */ = {isa = PBXFileReference; lastKnownFileType = sourcecode.swift; path = ExtensionCompatible.swift; sourceTree = "<group>"; };
		6E0651DB27654F5400EB364D /* SceneDelegate.swift */ = {isa = PBXFileReference; lastKnownFileType = sourcecode.swift; path = SceneDelegate.swift; sourceTree = "<group>"; };
		6E4CFE8E2767AD5D00A02742 /* ConcreteGalleryPersistenceServiceUnitTests.swift */ = {isa = PBXFileReference; lastKnownFileType = sourcecode.swift; path = ConcreteGalleryPersistenceServiceUnitTests.swift; sourceTree = "<group>"; };
		6E4CFE902767B42F00A02742 /* ListViewModelUnitTests.swift */ = {isa = PBXFileReference; lastKnownFileType = sourcecode.swift; path = ListViewModelUnitTests.swift; sourceTree = "<group>"; };
		6E4CFE922767B45900A02742 /* MockedGalleryFetcherService.swift */ = {isa = PBXFileReference; lastKnownFileType = sourcecode.swift; path = MockedGalleryFetcherService.swift; sourceTree = "<group>"; };
		6E4CFE942767B74800A02742 /* MockedNavigationService.swift */ = {isa = PBXFileReference; lastKnownFileType = sourcecode.swift; path = MockedNavigationService.swift; sourceTree = "<group>"; };
		6E4CFE962767B79A00A02742 /* MockedGalleryPersistenceService.swift */ = {isa = PBXFileReference; lastKnownFileType = sourcecode.swift; path = MockedGalleryPersistenceService.swift; sourceTree = "<group>"; };
		6E4CFE982767BCDF00A02742 /* GalleryTestData.swift */ = {isa = PBXFileReference; lastKnownFileType = sourcecode.swift; path = GalleryTestData.swift; sourceTree = "<group>"; };
		6E8D91F32765CDC400F7FFD0 /* GalleryListCollectionViewCell.swift */ = {isa = PBXFileReference; lastKnownFileType = sourcecode.swift; path = GalleryListCollectionViewCell.swift; sourceTree = "<group>"; };
		6E8D91F52765CF6C00F7FFD0 /* ListViewControllerFactory.swift */ = {isa = PBXFileReference; lastKnownFileType = sourcecode.swift; path = ListViewControllerFactory.swift; sourceTree = "<group>"; };
		6E8D91F72765D24F00F7FFD0 /* GalleryItem.swift */ = {isa = PBXFileReference; lastKnownFileType = sourcecode.swift; path = GalleryItem.swift; sourceTree = "<group>"; };
		6E8D91FD2765F24E00F7FFD0 /* NavigationService.swift */ = {isa = PBXFileReference; lastKnownFileType = sourcecode.swift; path = NavigationService.swift; sourceTree = "<group>"; };
		6E8D920027663B2F00F7FFD0 /* GalleryDetailsViewController.swift */ = {isa = PBXFileReference; fileEncoding = 4; lastKnownFileType = sourcecode.swift; path = GalleryDetailsViewController.swift; sourceTree = "<group>"; };
		6E8D920127663B2F00F7FFD0 /* GalleryDetailsView.swift */ = {isa = PBXFileReference; fileEncoding = 4; lastKnownFileType = sourcecode.swift; path = GalleryDetailsView.swift; sourceTree = "<group>"; };
		6E8D920227663B2F00F7FFD0 /* GalleryDetailsViewControllerFactory.swift */ = {isa = PBXFileReference; fileEncoding = 4; lastKnownFileType = sourcecode.swift; path = GalleryDetailsViewControllerFactory.swift; sourceTree = "<group>"; };
		6E8D920327663B2F00F7FFD0 /* GalleryDetailsViewModel.swift */ = {isa = PBXFileReference; fileEncoding = 4; lastKnownFileType = sourcecode.swift; path = GalleryDetailsViewModel.swift; sourceTree = "<group>"; };
		6E8D920B27664DF500F7FFD0 /* SimpleTimer.swift */ = {isa = PBXFileReference; lastKnownFileType = sourcecode.swift; path = SimpleTimer.swift; sourceTree = "<group>"; };
		6E8D920E2766528800F7FFD0 /* GalleryPersistenceService.swift */ = {isa = PBXFileReference; lastKnownFileType = sourcecode.swift; path = GalleryPersistenceService.swift; sourceTree = "<group>"; };
/* End PBXFileReference section */

/* Begin PBXFrameworksBuildPhase section */
		6E0650B12764F21900EB364D /* Frameworks */ = {
			isa = PBXFrameworksBuildPhase;
			buildActionMask = 2147483647;
			files = (
				6E8D91FB2765E70200F7FFD0 /* Kingfisher in Frameworks */,
				6E0650EC2764F52700EB364D /* Swinject in Frameworks */,
			);
			runOnlyForDeploymentPostprocessing = 0;
		};
		6E0650C72764F21D00EB364D /* Frameworks */ = {
			isa = PBXFrameworksBuildPhase;
			buildActionMask = 2147483647;
			files = (
			);
			runOnlyForDeploymentPostprocessing = 0;
		};
		6E0650D12764F21D00EB364D /* Frameworks */ = {
			isa = PBXFrameworksBuildPhase;
			buildActionMask = 2147483647;
			files = (
			);
			runOnlyForDeploymentPostprocessing = 0;
		};
/* End PBXFrameworksBuildPhase section */

/* Begin PBXGroup section */
		6E0650AB2764F21900EB364D = {
			isa = PBXGroup;
			children = (
				6E0650B62764F21900EB364D /* SoSolve */,
				6E0650CD2764F21D00EB364D /* SoSolveTests */,
				6E0650D72764F21D00EB364D /* SoSolveUITests */,
				6E0650B52764F21900EB364D /* Products */,
			);
			sourceTree = "<group>";
		};
		6E0650B52764F21900EB364D /* Products */ = {
			isa = PBXGroup;
			children = (
				6E0650B42764F21900EB364D /* SoSolve.app */,
				6E0650CA2764F21D00EB364D /* SoSolveTests.xctest */,
				6E0650D42764F21D00EB364D /* SoSolveUITests.xctest */,
			);
			name = Products;
			sourceTree = "<group>";
		};
		6E0650B62764F21900EB364D /* SoSolve */ = {
			isa = PBXGroup;
			children = (
				6E0650B72764F21900EB364D /* AppDelegate.swift */,
				6E0651DB27654F5400EB364D /* SceneDelegate.swift */,
				6E0651032764FB3100EB364D /* Tools */,
				6E0650F12764F55600EB364D /* UI */,
				6E0650F22764F56600EB364D /* Flow */,
				6E0650F32764F57000EB364D /* Dependencies */,
				6E0650C02764F21D00EB364D /* Assets.xcassets */,
				6E0650C22764F21D00EB364D /* LaunchScreen.storyboard */,
				6E0650C52764F21D00EB364D /* Info.plist */,
			);
			path = SoSolve;
			sourceTree = "<group>";
		};
		6E0650CD2764F21D00EB364D /* SoSolveTests */ = {
			isa = PBXGroup;
			children = (
				6E4CFE8E2767AD5D00A02742 /* ConcreteGalleryPersistenceServiceUnitTests.swift */,
				6E4CFE9A2767C03C00A02742 /* Mocks */,
				6E4CFE982767BCDF00A02742 /* GalleryTestData.swift */,
				6E4CFE902767B42F00A02742 /* ListViewModelUnitTests.swift */,
			);
			path = SoSolveTests;
			sourceTree = "<group>";
		};
		6E0650D72764F21D00EB364D /* SoSolveUITests */ = {
			isa = PBXGroup;
			children = (
				6E0650D82764F21D00EB364D /* SoSolveUITests.swift */,
				6E0650DA2764F21D00EB364D /* SoSolveUITestsLaunchTests.swift */,
			);
			path = SoSolveUITests;
			sourceTree = "<group>";
		};
		6E0650F12764F55600EB364D /* UI */ = {
			isa = PBXGroup;
			children = (
				6E8D91FF27663AC800F7FFD0 /* GaleryDetails */,
				6E0650FC2764FAC700EB364D /* GaleryList */,
			);
			path = UI;
			sourceTree = "<group>";
		};
		6E0650F22764F56600EB364D /* Flow */ = {
			isa = PBXGroup;
			children = (
				6E0650E72764F43D00EB364D /* FlowRouter.swift */,
			);
			path = Flow;
			sourceTree = "<group>";
		};
		6E0650F32764F57000EB364D /* Dependencies */ = {
			isa = PBXGroup;
			children = (
				6E0650EF2764F53500EB364D /* DependenciesAssembler.swift */,
				6E0650F42764F5AD00EB364D /* DefaultAssembly.swift */,
				6E0650F62764F5C800EB364D /* Services */,
			);
			path = Dependencies;
			sourceTree = "<group>";
		};
		6E0650F62764F5C800EB364D /* Services */ = {
			isa = PBXGroup;
			children = (
				6E8D920D2766526800F7FFD0 /* GalleryPersistence */,
				6E8D91FC2765F23E00F7FFD0 /* Navigation */,
				6E0650FB2764F6B700EB364D /* GalleryFetcher */,
			);
			path = Services;
			sourceTree = "<group>";
		};
		6E0650FB2764F6B700EB364D /* GalleryFetcher */ = {
			isa = PBXGroup;
			children = (
				6E0650F72764F5EA00EB364D /* GalleryFetcherService.swift */,
				6E0650F92764F5F900EB364D /* GallerySDK.swift */,
				6E8D91F72765D24F00F7FFD0 /* GalleryItem.swift */,
			);
			path = GalleryFetcher;
			sourceTree = "<group>";
		};
		6E0650FC2764FAC700EB364D /* GaleryList */ = {
			isa = PBXGroup;
			children = (
				6E0650FD2764FAD300EB364D /* ListViewController.swift */,
				6E8D91F52765CF6C00F7FFD0 /* ListViewControllerFactory.swift */,
				6E0650FF2764FADC00EB364D /* ListView.swift */,
				6E0651012764FAE500EB364D /* ListViewModel.swift */,
				6E8D91F22765CDB600F7FFD0 /* Cell */,
			);
			path = GaleryList;
			sourceTree = "<group>";
		};
		6E0651032764FB3100EB364D /* Tools */ = {
			isa = PBXGroup;
			children = (
				6E0651042764FBA800EB364D /* UIView+install.swift */,
				6E0651062764FBFD00EB364D /* ExtensionCompatible.swift */,
				6E8D920B27664DF500F7FFD0 /* SimpleTimer.swift */,
			);
			path = Tools;
			sourceTree = "<group>";
		};
		6E4CFE9A2767C03C00A02742 /* Mocks */ = {
			isa = PBXGroup;
			children = (
				6E4CFE922767B45900A02742 /* MockedGalleryFetcherService.swift */,
				6E4CFE942767B74800A02742 /* MockedNavigationService.swift */,
				6E4CFE962767B79A00A02742 /* MockedGalleryPersistenceService.swift */,
			);
			path = Mocks;
			sourceTree = "<group>";
		};
		6E8D91F22765CDB600F7FFD0 /* Cell */ = {
			isa = PBXGroup;
			children = (
				6E8D91F32765CDC400F7FFD0 /* GalleryListCollectionViewCell.swift */,
			);
			path = Cell;
			sourceTree = "<group>";
		};
		6E8D91FC2765F23E00F7FFD0 /* Navigation */ = {
			isa = PBXGroup;
			children = (
				6E8D91FD2765F24E00F7FFD0 /* NavigationService.swift */,
			);
			path = Navigation;
			sourceTree = "<group>";
		};
		6E8D91FF27663AC800F7FFD0 /* GaleryDetails */ = {
			isa = PBXGroup;
			children = (
				6E8D920127663B2F00F7FFD0 /* GalleryDetailsView.swift */,
				6E8D920027663B2F00F7FFD0 /* GalleryDetailsViewController.swift */,
				6E8D920227663B2F00F7FFD0 /* GalleryDetailsViewControllerFactory.swift */,
				6E8D920327663B2F00F7FFD0 /* GalleryDetailsViewModel.swift */,
			);
			path = GaleryDetails;
			sourceTree = "<group>";
		};
		6E8D920D2766526800F7FFD0 /* GalleryPersistence */ = {
			isa = PBXGroup;
			children = (
				6E8D920E2766528800F7FFD0 /* GalleryPersistenceService.swift */,
			);
			path = GalleryPersistence;
			sourceTree = "<group>";
		};
/* End PBXGroup section */

/* Begin PBXNativeTarget section */
		6E0650B32764F21900EB364D /* SoSolve */ = {
			isa = PBXNativeTarget;
			buildConfigurationList = 6E0650DE2764F21D00EB364D /* Build configuration list for PBXNativeTarget "SoSolve" */;
			buildPhases = (
				6E0650B02764F21900EB364D /* Sources */,
				6E0650B12764F21900EB364D /* Frameworks */,
				6E0650B22764F21900EB364D /* Resources */,
			);
			buildRules = (
			);
			dependencies = (
			);
			name = SoSolve;
			packageProductDependencies = (
				6E0650EB2764F52700EB364D /* Swinject */,
				6E8D91FA2765E70200F7FFD0 /* Kingfisher */,
			);
			productName = SoSolve;
			productReference = 6E0650B42764F21900EB364D /* SoSolve.app */;
			productType = "com.apple.product-type.application";
		};
		6E0650C92764F21D00EB364D /* SoSolveTests */ = {
			isa = PBXNativeTarget;
			buildConfigurationList = 6E0650E12764F21D00EB364D /* Build configuration list for PBXNativeTarget "SoSolveTests" */;
			buildPhases = (
				6E0650C62764F21D00EB364D /* Sources */,
				6E0650C72764F21D00EB364D /* Frameworks */,
				6E0650C82764F21D00EB364D /* Resources */,
			);
			buildRules = (
			);
			dependencies = (
				6E0650CC2764F21D00EB364D /* PBXTargetDependency */,
			);
			name = SoSolveTests;
			productName = SoSolveTests;
			productReference = 6E0650CA2764F21D00EB364D /* SoSolveTests.xctest */;
			productType = "com.apple.product-type.bundle.unit-test";
		};
		6E0650D32764F21D00EB364D /* SoSolveUITests */ = {
			isa = PBXNativeTarget;
			buildConfigurationList = 6E0650E42764F21D00EB364D /* Build configuration list for PBXNativeTarget "SoSolveUITests" */;
			buildPhases = (
				6E0650D02764F21D00EB364D /* Sources */,
				6E0650D12764F21D00EB364D /* Frameworks */,
				6E0650D22764F21D00EB364D /* Resources */,
			);
			buildRules = (
			);
			dependencies = (
				6E0650D62764F21D00EB364D /* PBXTargetDependency */,
			);
			name = SoSolveUITests;
			productName = SoSolveUITests;
			productReference = 6E0650D42764F21D00EB364D /* SoSolveUITests.xctest */;
			productType = "com.apple.product-type.bundle.ui-testing";
		};
/* End PBXNativeTarget section */

/* Begin PBXProject section */
		6E0650AC2764F21900EB364D /* Project object */ = {
			isa = PBXProject;
			attributes = {
				BuildIndependentTargetsInParallel = 1;
				LastSwiftUpdateCheck = 1310;
				LastUpgradeCheck = 1310;
				TargetAttributes = {
					6E0650B32764F21900EB364D = {
						CreatedOnToolsVersion = 13.1;
					};
					6E0650C92764F21D00EB364D = {
						CreatedOnToolsVersion = 13.1;
						TestTargetID = 6E0650B32764F21900EB364D;
					};
					6E0650D32764F21D00EB364D = {
						CreatedOnToolsVersion = 13.1;
						TestTargetID = 6E0650B32764F21900EB364D;
					};
				};
			};
			buildConfigurationList = 6E0650AF2764F21900EB364D /* Build configuration list for PBXProject "SoSolve" */;
			compatibilityVersion = "Xcode 13.0";
			developmentRegion = en;
			hasScannedForEncodings = 0;
			knownRegions = (
				en,
				Base,
			);
			mainGroup = 6E0650AB2764F21900EB364D;
			packageReferences = (
				6E0650EA2764F52700EB364D /* XCRemoteSwiftPackageReference "Swinject" */,
				6E8D91F92765E70200F7FFD0 /* XCRemoteSwiftPackageReference "Kingfisher" */,
			);
			productRefGroup = 6E0650B52764F21900EB364D /* Products */;
			projectDirPath = "";
			projectRoot = "";
			targets = (
				6E0650B32764F21900EB364D /* SoSolve */,
				6E0650C92764F21D00EB364D /* SoSolveTests */,
				6E0650D32764F21D00EB364D /* SoSolveUITests */,
			);
		};
/* End PBXProject section */

/* Begin PBXResourcesBuildPhase section */
		6E0650B22764F21900EB364D /* Resources */ = {
			isa = PBXResourcesBuildPhase;
			buildActionMask = 2147483647;
			files = (
				6E0650C42764F21D00EB364D /* LaunchScreen.storyboard in Resources */,
				6E0650C12764F21D00EB364D /* Assets.xcassets in Resources */,
			);
			runOnlyForDeploymentPostprocessing = 0;
		};
		6E0650C82764F21D00EB364D /* Resources */ = {
			isa = PBXResourcesBuildPhase;
			buildActionMask = 2147483647;
			files = (
			);
			runOnlyForDeploymentPostprocessing = 0;
		};
		6E0650D22764F21D00EB364D /* Resources */ = {
			isa = PBXResourcesBuildPhase;
			buildActionMask = 2147483647;
			files = (
			);
			runOnlyForDeploymentPostprocessing = 0;
		};
/* End PBXResourcesBuildPhase section */

/* Begin PBXSourcesBuildPhase section */
		6E0650B02764F21900EB364D /* Sources */ = {
			isa = PBXSourcesBuildPhase;
			buildActionMask = 2147483647;
			files = (
				6E8D920627663B2F00F7FFD0 /* GalleryDetailsViewControllerFactory.swift in Sources */,
				6E0650E82764F43D00EB364D /* FlowRouter.swift in Sources */,
				6E0651002764FADC00EB364D /* ListView.swift in Sources */,
				6E0650F82764F5EA00EB364D /* GalleryFetcherService.swift in Sources */,
				6E8D91FE2765F24E00F7FFD0 /* NavigationService.swift in Sources */,
				6E8D920F2766528800F7FFD0 /* GalleryPersistenceService.swift in Sources */,
				6E8D920727663B2F00F7FFD0 /* GalleryDetailsViewModel.swift in Sources */,
				6E0650B82764F21900EB364D /* AppDelegate.swift in Sources */,
				6E0650F02764F53500EB364D /* DependenciesAssembler.swift in Sources */,
				6E8D91F42765CDC400F7FFD0 /* GalleryListCollectionViewCell.swift in Sources */,
				6E8D920527663B2F00F7FFD0 /* GalleryDetailsView.swift in Sources */,
				6E0651072764FBFD00EB364D /* ExtensionCompatible.swift in Sources */,
				6E8D920427663B2F00F7FFD0 /* GalleryDetailsViewController.swift in Sources */,
				6E8D920C27664DF500F7FFD0 /* SimpleTimer.swift in Sources */,
				6E0650FE2764FAD300EB364D /* ListViewController.swift in Sources */,
				6E0650FA2764F5F900EB364D /* GallerySDK.swift in Sources */,
				6E8D91F62765CF6C00F7FFD0 /* ListViewControllerFactory.swift in Sources */,
				6E8D91F82765D24F00F7FFD0 /* GalleryItem.swift in Sources */,
				6E0650F52764F5AD00EB364D /* DefaultAssembly.swift in Sources */,
				6E0651052764FBA800EB364D /* UIView+install.swift in Sources */,
				6E0651022764FAE500EB364D /* ListViewModel.swift in Sources */,
				6E0651DC27654F5400EB364D /* SceneDelegate.swift in Sources */,
			);
			runOnlyForDeploymentPostprocessing = 0;
		};
		6E0650C62764F21D00EB364D /* Sources */ = {
			isa = PBXSourcesBuildPhase;
			buildActionMask = 2147483647;
			files = (
				6E4CFE952767B74800A02742 /* MockedNavigationService.swift in Sources */,
				6E4CFE972767B79A00A02742 /* MockedGalleryPersistenceService.swift in Sources */,
				6E4CFE912767B42F00A02742 /* ListViewModelUnitTests.swift in Sources */,
				6E4CFE8F2767AD5D00A02742 /* ConcreteGalleryPersistenceServiceUnitTests.swift in Sources */,
				6E4CFE992767BCDF00A02742 /* GalleryTestData.swift in Sources */,
				6E4CFE932767B45900A02742 /* MockedGalleryFetcherService.swift in Sources */,
			);
			runOnlyForDeploymentPostprocessing = 0;
		};
		6E0650D02764F21D00EB364D /* Sources */ = {
			isa = PBXSourcesBuildPhase;
			buildActionMask = 2147483647;
			files = (
				6E0650DB2764F21D00EB364D /* SoSolveUITestsLaunchTests.swift in Sources */,
				6E0650D92764F21D00EB364D /* SoSolveUITests.swift in Sources */,
			);
			runOnlyForDeploymentPostprocessing = 0;
		};
/* End PBXSourcesBuildPhase section */

/* Begin PBXTargetDependency section */
		6E0650CC2764F21D00EB364D /* PBXTargetDependency */ = {
			isa = PBXTargetDependency;
			target = 6E0650B32764F21900EB364D /* SoSolve */;
			targetProxy = 6E0650CB2764F21D00EB364D /* PBXContainerItemProxy */;
		};
		6E0650D62764F21D00EB364D /* PBXTargetDependency */ = {
			isa = PBXTargetDependency;
			target = 6E0650B32764F21900EB364D /* SoSolve */;
			targetProxy = 6E0650D52764F21D00EB364D /* PBXContainerItemProxy */;
		};
/* End PBXTargetDependency section */

/* Begin PBXVariantGroup section */
		6E0650C22764F21D00EB364D /* LaunchScreen.storyboard */ = {
			isa = PBXVariantGroup;
			children = (
				6E0650C32764F21D00EB364D /* Base */,
			);
			name = LaunchScreen.storyboard;
			sourceTree = "<group>";
		};
/* End PBXVariantGroup section */

/* Begin XCBuildConfiguration section */
		6E0650DC2764F21D00EB364D /* Debug */ = {
			isa = XCBuildConfiguration;
			buildSettings = {
				ALWAYS_SEARCH_USER_PATHS = NO;
				CLANG_ANALYZER_NONNULL = YES;
				CLANG_ANALYZER_NUMBER_OBJECT_CONVERSION = YES_AGGRESSIVE;
				CLANG_CXX_LANGUAGE_STANDARD = "gnu++17";
				CLANG_CXX_LIBRARY = "libc++";
				CLANG_ENABLE_MODULES = YES;
				CLANG_ENABLE_OBJC_ARC = YES;
				CLANG_ENABLE_OBJC_WEAK = YES;
				CLANG_WARN_BLOCK_CAPTURE_AUTORELEASING = YES;
				CLANG_WARN_BOOL_CONVERSION = YES;
				CLANG_WARN_COMMA = YES;
				CLANG_WARN_CONSTANT_CONVERSION = YES;
				CLANG_WARN_DEPRECATED_OBJC_IMPLEMENTATIONS = YES;
				CLANG_WARN_DIRECT_OBJC_ISA_USAGE = YES_ERROR;
				CLANG_WARN_DOCUMENTATION_COMMENTS = YES;
				CLANG_WARN_EMPTY_BODY = YES;
				CLANG_WARN_ENUM_CONVERSION = YES;
				CLANG_WARN_INFINITE_RECURSION = YES;
				CLANG_WARN_INT_CONVERSION = YES;
				CLANG_WARN_NON_LITERAL_NULL_CONVERSION = YES;
				CLANG_WARN_OBJC_IMPLICIT_RETAIN_SELF = YES;
				CLANG_WARN_OBJC_LITERAL_CONVERSION = YES;
				CLANG_WARN_OBJC_ROOT_CLASS = YES_ERROR;
				CLANG_WARN_QUOTED_INCLUDE_IN_FRAMEWORK_HEADER = YES;
				CLANG_WARN_RANGE_LOOP_ANALYSIS = YES;
				CLANG_WARN_STRICT_PROTOTYPES = YES;
				CLANG_WARN_SUSPICIOUS_MOVE = YES;
				CLANG_WARN_UNGUARDED_AVAILABILITY = YES_AGGRESSIVE;
				CLANG_WARN_UNREACHABLE_CODE = YES;
				CLANG_WARN__DUPLICATE_METHOD_MATCH = YES;
				COPY_PHASE_STRIP = NO;
				DEBUG_INFORMATION_FORMAT = dwarf;
				ENABLE_STRICT_OBJC_MSGSEND = YES;
				ENABLE_TESTABILITY = YES;
				GCC_C_LANGUAGE_STANDARD = gnu11;
				GCC_DYNAMIC_NO_PIC = NO;
				GCC_NO_COMMON_BLOCKS = YES;
				GCC_OPTIMIZATION_LEVEL = 0;
				GCC_PREPROCESSOR_DEFINITIONS = (
					"DEBUG=1",
					"$(inherited)",
				);
				GCC_WARN_64_TO_32_BIT_CONVERSION = YES;
				GCC_WARN_ABOUT_RETURN_TYPE = YES_ERROR;
				GCC_WARN_UNDECLARED_SELECTOR = YES;
				GCC_WARN_UNINITIALIZED_AUTOS = YES_AGGRESSIVE;
				GCC_WARN_UNUSED_FUNCTION = YES;
				GCC_WARN_UNUSED_VARIABLE = YES;
				IPHONEOS_DEPLOYMENT_TARGET = 15.0;
				MTL_ENABLE_DEBUG_INFO = INCLUDE_SOURCE;
				MTL_FAST_MATH = YES;
				ONLY_ACTIVE_ARCH = YES;
				SDKROOT = iphoneos;
				SWIFT_ACTIVE_COMPILATION_CONDITIONS = DEBUG;
				SWIFT_OPTIMIZATION_LEVEL = "-Onone";
			};
			name = Debug;
		};
		6E0650DD2764F21D00EB364D /* Release */ = {
			isa = XCBuildConfiguration;
			buildSettings = {
				ALWAYS_SEARCH_USER_PATHS = NO;
				CLANG_ANALYZER_NONNULL = YES;
				CLANG_ANALYZER_NUMBER_OBJECT_CONVERSION = YES_AGGRESSIVE;
				CLANG_CXX_LANGUAGE_STANDARD = "gnu++17";
				CLANG_CXX_LIBRARY = "libc++";
				CLANG_ENABLE_MODULES = YES;
				CLANG_ENABLE_OBJC_ARC = YES;
				CLANG_ENABLE_OBJC_WEAK = YES;
				CLANG_WARN_BLOCK_CAPTURE_AUTORELEASING = YES;
				CLANG_WARN_BOOL_CONVERSION = YES;
				CLANG_WARN_COMMA = YES;
				CLANG_WARN_CONSTANT_CONVERSION = YES;
				CLANG_WARN_DEPRECATED_OBJC_IMPLEMENTATIONS = YES;
				CLANG_WARN_DIRECT_OBJC_ISA_USAGE = YES_ERROR;
				CLANG_WARN_DOCUMENTATION_COMMENTS = YES;
				CLANG_WARN_EMPTY_BODY = YES;
				CLANG_WARN_ENUM_CONVERSION = YES;
				CLANG_WARN_INFINITE_RECURSION = YES;
				CLANG_WARN_INT_CONVERSION = YES;
				CLANG_WARN_NON_LITERAL_NULL_CONVERSION = YES;
				CLANG_WARN_OBJC_IMPLICIT_RETAIN_SELF = YES;
				CLANG_WARN_OBJC_LITERAL_CONVERSION = YES;
				CLANG_WARN_OBJC_ROOT_CLASS = YES_ERROR;
				CLANG_WARN_QUOTED_INCLUDE_IN_FRAMEWORK_HEADER = YES;
				CLANG_WARN_RANGE_LOOP_ANALYSIS = YES;
				CLANG_WARN_STRICT_PROTOTYPES = YES;
				CLANG_WARN_SUSPICIOUS_MOVE = YES;
				CLANG_WARN_UNGUARDED_AVAILABILITY = YES_AGGRESSIVE;
				CLANG_WARN_UNREACHABLE_CODE = YES;
				CLANG_WARN__DUPLICATE_METHOD_MATCH = YES;
				COPY_PHASE_STRIP = NO;
				DEBUG_INFORMATION_FORMAT = "dwarf-with-dsym";
				ENABLE_NS_ASSERTIONS = NO;
				ENABLE_STRICT_OBJC_MSGSEND = YES;
				GCC_C_LANGUAGE_STANDARD = gnu11;
				GCC_NO_COMMON_BLOCKS = YES;
				GCC_WARN_64_TO_32_BIT_CONVERSION = YES;
				GCC_WARN_ABOUT_RETURN_TYPE = YES_ERROR;
				GCC_WARN_UNDECLARED_SELECTOR = YES;
				GCC_WARN_UNINITIALIZED_AUTOS = YES_AGGRESSIVE;
				GCC_WARN_UNUSED_FUNCTION = YES;
				GCC_WARN_UNUSED_VARIABLE = YES;
				IPHONEOS_DEPLOYMENT_TARGET = 15.0;
				MTL_ENABLE_DEBUG_INFO = NO;
				MTL_FAST_MATH = YES;
				SDKROOT = iphoneos;
				SWIFT_COMPILATION_MODE = wholemodule;
				SWIFT_OPTIMIZATION_LEVEL = "-O";
				VALIDATE_PRODUCT = YES;
			};
			name = Release;
		};
		6E0650DF2764F21D00EB364D /* Debug */ = {
			isa = XCBuildConfiguration;
			buildSettings = {
				ASSETCATALOG_COMPILER_APPICON_NAME = AppIcon;
				ASSETCATALOG_COMPILER_GLOBAL_ACCENT_COLOR_NAME = AccentColor;
				CODE_SIGN_STYLE = Automatic;
				CURRENT_PROJECT_VERSION = 1;
				GENERATE_INFOPLIST_FILE = YES;
				INFOPLIST_FILE = SoSolve/Info.plist;
				INFOPLIST_KEY_UIApplicationSupportsIndirectInputEvents = YES;
				INFOPLIST_KEY_UILaunchStoryboardName = LaunchScreen;
				INFOPLIST_KEY_UISupportedInterfaceOrientations_iPad = "UIInterfaceOrientationPortrait UIInterfaceOrientationPortraitUpsideDown UIInterfaceOrientationLandscapeLeft UIInterfaceOrientationLandscapeRight";
				INFOPLIST_KEY_UISupportedInterfaceOrientations_iPhone = "UIInterfaceOrientationPortrait UIInterfaceOrientationLandscapeLeft UIInterfaceOrientationLandscapeRight";
				LD_RUNPATH_SEARCH_PATHS = (
					"$(inherited)",
					"@executable_path/Frameworks",
				);
				MARKETING_VERSION = 1.0;
				PRODUCT_BUNDLE_IDENTIFIER = RafalSzastok.SoSolve;
				PRODUCT_NAME = "$(TARGET_NAME)";
				SWIFT_EMIT_LOC_STRINGS = YES;
				SWIFT_VERSION = 5.0;
				TARGETED_DEVICE_FAMILY = "1,2";
			};
			name = Debug;
		};
		6E0650E02764F21D00EB364D /* Release */ = {
			isa = XCBuildConfiguration;
			buildSettings = {
				ASSETCATALOG_COMPILER_APPICON_NAME = AppIcon;
				ASSETCATALOG_COMPILER_GLOBAL_ACCENT_COLOR_NAME = AccentColor;
				CODE_SIGN_STYLE = Automatic;
				CURRENT_PROJECT_VERSION = 1;
				GENERATE_INFOPLIST_FILE = YES;
				INFOPLIST_FILE = SoSolve/Info.plist;
				INFOPLIST_KEY_UIApplicationSupportsIndirectInputEvents = YES;
				INFOPLIST_KEY_UILaunchStoryboardName = LaunchScreen;
				INFOPLIST_KEY_UISupportedInterfaceOrientations_iPad = "UIInterfaceOrientationPortrait UIInterfaceOrientationPortraitUpsideDown UIInterfaceOrientationLandscapeLeft UIInterfaceOrientationLandscapeRight";
				INFOPLIST_KEY_UISupportedInterfaceOrientations_iPhone = "UIInterfaceOrientationPortrait UIInterfaceOrientationLandscapeLeft UIInterfaceOrientationLandscapeRight";
				LD_RUNPATH_SEARCH_PATHS = (
					"$(inherited)",
					"@executable_path/Frameworks",
				);
				MARKETING_VERSION = 1.0;
				PRODUCT_BUNDLE_IDENTIFIER = RafalSzastok.SoSolve;
				PRODUCT_NAME = "$(TARGET_NAME)";
				SWIFT_EMIT_LOC_STRINGS = YES;
				SWIFT_VERSION = 5.0;
				TARGETED_DEVICE_FAMILY = "1,2";
			};
			name = Release;
		};
		6E0650E22764F21D00EB364D /* Debug */ = {
			isa = XCBuildConfiguration;
			buildSettings = {
				ALWAYS_EMBED_SWIFT_STANDARD_LIBRARIES = YES;
				BUNDLE_LOADER = "$(TEST_HOST)";
				CODE_SIGN_STYLE = Automatic;
				CURRENT_PROJECT_VERSION = 1;
				GENERATE_INFOPLIST_FILE = YES;
				LD_RUNPATH_SEARCH_PATHS = (
					"$(inherited)",
					"@executable_path/Frameworks",
					"@loader_path/Frameworks",
				);
				MARKETING_VERSION = 1.0;
				PRODUCT_BUNDLE_IDENTIFIER = RafalSzastok.SoSolveTests;
				PRODUCT_NAME = "$(TARGET_NAME)";
				SWIFT_EMIT_LOC_STRINGS = NO;
				SWIFT_VERSION = 5.0;
				TARGETED_DEVICE_FAMILY = "1,2";
				TEST_HOST = "$(BUILT_PRODUCTS_DIR)/SoSolve.app/SoSolve";
			};
			name = Debug;
		};
		6E0650E32764F21D00EB364D /* Release */ = {
			isa = XCBuildConfiguration;
			buildSettings = {
				ALWAYS_EMBED_SWIFT_STANDARD_LIBRARIES = YES;
				BUNDLE_LOADER = "$(TEST_HOST)";
				CODE_SIGN_STYLE = Automatic;
				CURRENT_PROJECT_VERSION = 1;
				GENERATE_INFOPLIST_FILE = YES;
				LD_RUNPATH_SEARCH_PATHS = (
					"$(inherited)",
					"@executable_path/Frameworks",
					"@loader_path/Frameworks",
				);
				MARKETING_VERSION = 1.0;
				PRODUCT_BUNDLE_IDENTIFIER = RafalSzastok.SoSolveTests;
				PRODUCT_NAME = "$(TARGET_NAME)";
				SWIFT_EMIT_LOC_STRINGS = NO;
				SWIFT_VERSION = 5.0;
				TARGETED_DEVICE_FAMILY = "1,2";
				TEST_HOST = "$(BUILT_PRODUCTS_DIR)/SoSolve.app/SoSolve";
			};
			name = Release;
		};
		6E0650E52764F21D00EB364D /* Debug */ = {
			isa = XCBuildConfiguration;
			buildSettings = {
				ALWAYS_EMBED_SWIFT_STANDARD_LIBRARIES = YES;
				CODE_SIGN_STYLE = Automatic;
				CURRENT_PROJECT_VERSION = 1;
				GENERATE_INFOPLIST_FILE = YES;
				LD_RUNPATH_SEARCH_PATHS = (
					"$(inherited)",
					"@executable_path/Frameworks",
					"@loader_path/Frameworks",
				);
				MARKETING_VERSION = 1.0;
				PRODUCT_BUNDLE_IDENTIFIER = RafalSzastok.SoSolveUITests;
				PRODUCT_NAME = "$(TARGET_NAME)";
				SWIFT_EMIT_LOC_STRINGS = NO;
				SWIFT_VERSION = 5.0;
				TARGETED_DEVICE_FAMILY = "1,2";
				TEST_TARGET_NAME = SoSolve;
			};
			name = Debug;
		};
		6E0650E62764F21D00EB364D /* Release */ = {
			isa = XCBuildConfiguration;
			buildSettings = {
				ALWAYS_EMBED_SWIFT_STANDARD_LIBRARIES = YES;
				CODE_SIGN_STYLE = Automatic;
				CURRENT_PROJECT_VERSION = 1;
				GENERATE_INFOPLIST_FILE = YES;
				LD_RUNPATH_SEARCH_PATHS = (
					"$(inherited)",
					"@executable_path/Frameworks",
					"@loader_path/Frameworks",
				);
				MARKETING_VERSION = 1.0;
				PRODUCT_BUNDLE_IDENTIFIER = RafalSzastok.SoSolveUITests;
				PRODUCT_NAME = "$(TARGET_NAME)";
				SWIFT_EMIT_LOC_STRINGS = NO;
				SWIFT_VERSION = 5.0;
				TARGETED_DEVICE_FAMILY = "1,2";
				TEST_TARGET_NAME = SoSolve;
			};
			name = Release;
		};
/* End XCBuildConfiguration section */

/* Begin XCConfigurationList section */
		6E0650AF2764F21900EB364D /* Build configuration list for PBXProject "SoSolve" */ = {
			isa = XCConfigurationList;
			buildConfigurations = (
				6E0650DC2764F21D00EB364D /* Debug */,
				6E0650DD2764F21D00EB364D /* Release */,
			);
			defaultConfigurationIsVisible = 0;
			defaultConfigurationName = Release;
		};
		6E0650DE2764F21D00EB364D /* Build configuration list for PBXNativeTarget "SoSolve" */ = {
			isa = XCConfigurationList;
			buildConfigurations = (
				6E0650DF2764F21D00EB364D /* Debug */,
				6E0650E02764F21D00EB364D /* Release */,
			);
			defaultConfigurationIsVisible = 0;
			defaultConfigurationName = Release;
		};
		6E0650E12764F21D00EB364D /* Build configuration list for PBXNativeTarget "SoSolveTests" */ = {
			isa = XCConfigurationList;
			buildConfigurations = (
				6E0650E22764F21D00EB364D /* Debug */,
				6E0650E32764F21D00EB364D /* Release */,
			);
			defaultConfigurationIsVisible = 0;
			defaultConfigurationName = Release;
		};
		6E0650E42764F21D00EB364D /* Build configuration list for PBXNativeTarget "SoSolveUITests" */ = {
			isa = XCConfigurationList;
			buildConfigurations = (
				6E0650E52764F21D00EB364D /* Debug */,
				6E0650E62764F21D00EB364D /* Release */,
			);
			defaultConfigurationIsVisible = 0;
			defaultConfigurationName = Release;
		};
/* End XCConfigurationList section */

/* Begin XCRemoteSwiftPackageReference section */
		6E0650EA2764F52700EB364D /* XCRemoteSwiftPackageReference "Swinject" */ = {
			isa = XCRemoteSwiftPackageReference;
			repositoryURL = "https://github.com/Swinject/Swinject";
			requirement = {
				kind = exactVersion;
				version = 2.8.1;
			};
		};
		6E8D91F92765E70200F7FFD0 /* XCRemoteSwiftPackageReference "Kingfisher" */ = {
			isa = XCRemoteSwiftPackageReference;
			repositoryURL = "https://github.com/onevcat/Kingfisher";
			requirement = {
				kind = exactVersion;
				version = 7.1.2;
			};
		};
/* End XCRemoteSwiftPackageReference section */

/* Begin XCSwiftPackageProductDependency section */
		6E0650EB2764F52700EB364D /* Swinject */ = {
			isa = XCSwiftPackageProductDependency;
			package = 6E0650EA2764F52700EB364D /* XCRemoteSwiftPackageReference "Swinject" */;
			productName = Swinject;
		};
		6E8D91FA2765E70200F7FFD0 /* Kingfisher */ = {
			isa = XCSwiftPackageProductDependency;
			package = 6E8D91F92765E70200F7FFD0 /* XCRemoteSwiftPackageReference "Kingfisher" */;
			productName = Kingfisher;
		};
/* End XCSwiftPackageProductDependency section */
	};
	rootObject = 6E0650AC2764F21900EB364D /* Project object */;
}
